
Microsoft Visual Studio Solution File, Format Version 12.00
# Visual Studio Version 16
VisualStudioVersion = 25.0.1704.0
MinimumVisualStudioVersion = 10.0.40219.1
Project("{FAE04EC0-301F-11D3-BF4B-00C04F79EFBC}") = "ABG", "ABG\ABG.csproj", "{F77C6F2D-D2A0-4893-823E-349B5813B306}"
EndProject
Global
	GlobalSection(SolutionConfigurationPlatforms) = preSolution
		Debug|Any CPU = Debug|Any CPU
		Release|Any CPU = Release|Any CPU
	EndGlobalSection
	GlobalSection(ProjectConfigurationPlatforms) = postSolution
		{F77C6F2D-D2A0-4893-823E-349B5813B306}.Debug|Any CPU.ActiveCfg = Debug|Any CPU
		{F77C6F2D-D2A0-4893-823E-349B5813B306}.Debug|Any CPU.Build.0 = Debug|Any CPU
		{F77C6F2D-D2A0-4893-823E-349B5813B306}.Release|Any CPU.ActiveCfg = Release|Any CPU
		{F77C6F2D-D2A0-4893-823E-349B5813B306}.Release|Any CPU.Build.0 = Release|Any CPU
	EndGlobalSection
	GlobalSection(SolutionProperties) = preSolution
		HideSolutionNode = FALSE
	EndGlobalSection
	GlobalSection(ExtensibilityGlobals) = postSolution
		SolutionGuid = {B25CB018-924C-43EF-9913-E5032818F013}
	EndGlobalSection
EndGlobal
